
Microsoft Visual Studio Solution File, Format Version 12.00
# Visual Studio Version 16
VisualStudioVersion = 16.0.31624.102
MinimumVisualStudioVersion = 10.0.40219.1
Project("{FAE04EC0-301F-11D3-BF4B-00C04F79EFBC}") = "CaloryBoost", "CaloryBoost\CaloryBoost.csproj", "{8C2B6973-CAA7-4644-AA2B-E9F4EA6AAE08}"
EndProject
Project("{FAE04EC0-301F-11D3-BF4B-00C04F79EFBC}") = "CaloryBoost.Model", "CaloryBoost.Model\CaloryBoost.Model.csproj", "{80FB3639-2A1D-4B88-B5AB-9ABDC92D179B}"
EndProject
Project("{FAE04EC0-301F-11D3-BF4B-00C04F79EFBC}") = "CaloryBoost.DAL", "CaloryBoost.DAL\CaloryBoost.DAL.csproj", "{BA0A043F-4918-4C9C-BA0F-80DA6AECBBC7}"
EndProject
Project("{FAE04EC0-301F-11D3-BF4B-00C04F79EFBC}") = "CaloryBoost.BLL", "CaloryBoost.BLL\CaloryBoost.BLL.csproj", "{CA55DD10-2C5F-4C3E-BBD7-E7F05CA2A165}"
EndProject
Global
	GlobalSection(SolutionConfigurationPlatforms) = preSolution
		Debug|Any CPU = Debug|Any CPU
		Release|Any CPU = Release|Any CPU
	EndGlobalSection
	GlobalSection(ProjectConfigurationPlatforms) = postSolution
		{8C2B6973-CAA7-4644-AA2B-E9F4EA6AAE08}.Debug|Any CPU.ActiveCfg = Debug|Any CPU
		{8C2B6973-CAA7-4644-AA2B-E9F4EA6AAE08}.Debug|Any CPU.Build.0 = Debug|Any CPU
		{8C2B6973-CAA7-4644-AA2B-E9F4EA6AAE08}.Release|Any CPU.ActiveCfg = Release|Any CPU
		{8C2B6973-CAA7-4644-AA2B-E9F4EA6AAE08}.Release|Any CPU.Build.0 = Release|Any CPU
		{80FB3639-2A1D-4B88-B5AB-9ABDC92D179B}.Debug|Any CPU.ActiveCfg = Debug|Any CPU
		{80FB3639-2A1D-4B88-B5AB-9ABDC92D179B}.Debug|Any CPU.Build.0 = Debug|Any CPU
		{80FB3639-2A1D-4B88-B5AB-9ABDC92D179B}.Release|Any CPU.ActiveCfg = Release|Any CPU
		{80FB3639-2A1D-4B88-B5AB-9ABDC92D179B}.Release|Any CPU.Build.0 = Release|Any CPU
		{BA0A043F-4918-4C9C-BA0F-80DA6AECBBC7}.Debug|Any CPU.ActiveCfg = Debug|Any CPU
		{BA0A043F-4918-4C9C-BA0F-80DA6AECBBC7}.Debug|Any CPU.Build.0 = Debug|Any CPU
		{BA0A043F-4918-4C9C-BA0F-80DA6AECBBC7}.Release|Any CPU.ActiveCfg = Release|Any CPU
		{BA0A043F-4918-4C9C-BA0F-80DA6AECBBC7}.Release|Any CPU.Build.0 = Release|Any CPU
		{CA55DD10-2C5F-4C3E-BBD7-E7F05CA2A165}.Debug|Any CPU.ActiveCfg = Debug|Any CPU
		{CA55DD10-2C5F-4C3E-BBD7-E7F05CA2A165}.Debug|Any CPU.Build.0 = Debug|Any CPU
		{CA55DD10-2C5F-4C3E-BBD7-E7F05CA2A165}.Release|Any CPU.ActiveCfg = Release|Any CPU
		{CA55DD10-2C5F-4C3E-BBD7-E7F05CA2A165}.Release|Any CPU.Build.0 = Release|Any CPU
	EndGlobalSection
	GlobalSection(SolutionProperties) = preSolution
		HideSolutionNode = FALSE
	EndGlobalSection
	GlobalSection(ExtensibilityGlobals) = postSolution
		SolutionGuid = {52C65A1A-0219-4396-9657-D65F66CCB148}
	EndGlobalSection
EndGlobal
